
Microsoft Visual Studio Solution File, Format Version 12.00
# Visual Studio Version 17
VisualStudioVersion = 17.5.33414.496
MinimumVisualStudioVersion = 10.0.40219.1
Project("{FAE04EC0-301F-11D3-BF4B-00C04F79EFBC}") = "Homework322", "Homework322.csproj", "{56693756-6801-4441-9436-A9F0456B215B}"
EndProject
Global
	GlobalSection(SolutionConfigurationPlatforms) = preSolution
		Debug|Any CPU = Debug|Any CPU
		Release|Any CPU = Release|Any CPU
	EndGlobalSection
	GlobalSection(ProjectConfigurationPlatforms) = postSolution
		{56693756-6801-4441-9436-A9F0456B215B}.Debug|Any CPU.ActiveCfg = Debug|Any CPU
		{56693756-6801-4441-9436-A9F0456B215B}.Debug|Any CPU.Build.0 = Debug|Any CPU
		{56693756-6801-4441-9436-A9F0456B215B}.Release|Any CPU.ActiveCfg = Release|Any CPU
		{56693756-6801-4441-9436-A9F0456B215B}.Release|Any CPU.Build.0 = Release|Any CPU
	EndGlobalSection
	GlobalSection(SolutionProperties) = preSolution
		HideSolutionNode = FALSE
	EndGlobalSection
	GlobalSection(ExtensibilityGlobals) = postSolution
		SolutionGuid = {95AB8E8C-8063-4743-AC4B-C4A174B424A6}
	EndGlobalSection
EndGlobal
